
Microsoft Visual Studio Solution File, Format Version 12.00
# Visual Studio Version 17
VisualStudioVersion = 17.7.33927.210
MinimumVisualStudioVersion = 10.0.40219.1
Project("{9A19103F-16F7-4668-BE54-9A1E7A4F7556}") = "RFL2HMM", "RFL2HMM\RFL2HMM.csproj", "{AEE89ECD-BAB2-4DE5-B240-354B361C6B4E}"
EndProject
Global
	GlobalSection(SolutionConfigurationPlatforms) = preSolution
		Debug|Any CPU = Debug|Any CPU
		Release|Any CPU = Release|Any CPU
	EndGlobalSection
	GlobalSection(ProjectConfigurationPlatforms) = postSolution
		{AEE89ECD-BAB2-4DE5-B240-354B361C6B4E}.Debug|Any CPU.ActiveCfg = Debug|Any CPU
		{AEE89ECD-BAB2-4DE5-B240-354B361C6B4E}.Debug|Any CPU.Build.0 = Debug|Any CPU
		{AEE89ECD-BAB2-4DE5-B240-354B361C6B4E}.Release|Any CPU.ActiveCfg = Release|Any CPU
		{AEE89ECD-BAB2-4DE5-B240-354B361C6B4E}.Release|Any CPU.Build.0 = Release|Any CPU
	EndGlobalSection
	GlobalSection(SolutionProperties) = preSolution
		HideSolutionNode = FALSE
	EndGlobalSection
	GlobalSection(ExtensibilityGlobals) = postSolution
		SolutionGuid = {181585C1-DE0E-49AA-895A-5AEE7FB572E4}
	EndGlobalSection
EndGlobal
